schema: '2.0'
stages:
  data_validation:
    cmd: python src\data_validation.py
    deps:
    - path: data\raw\zameen-updated.csv
      hash: md5
      md5: 862ce971c086da8903e8ecc7c8a52c92
      size: 49522076
    - path: src\data_validation.py
      hash: md5
      md5: de8b50a99b0139189778a3ec25e60cd8
      size: 1230
    outs:
    - path: reports\validation_report.json
      hash: md5
      md5: 1c130609d34a2a31c6b312353b8e0df7
      size: 1275
  data_preprocessing:
    cmd: python src\data_preprocessing.py
    deps:
    - path: data\raw\zameen-updated.csv
      hash: md5
      md5: 862ce971c086da8903e8ecc7c8a52c92
      size: 49522076
    - path: src\data_preprocessing.py
      hash: md5
      md5: e8bf9701e9fc75d608718ecf8891e665
      size: 2191
    outs:
    - path: data\processed\processed_data.csv
      hash: md5
      md5: d9aa7394a72c5225bf7ea1c47762de66
      size: 6491981
